// !$*UTF8*$!
{
	archiveVersion = 1;
	classes = {
	};
	objectVersion = 50;
	objects = {

/* Begin PBXBuildFile section */
		1516457F26D5459F00CDBDCA /* FavoriteButton.swift in Sources */ = {isa = PBXBuildFile; fileRef = 1516457E26D5459F00CDBDCA /* FavoriteButton.swift */; };
		152ADAD526D664EA00E7DAE1 /* HexagonParameters.swift in Sources */ = {isa = PBXBuildFile; fileRef = 152ADAD426D664EA00E7DAE1 /* HexagonParameters.swift */; };
		152ADAD726D667AB00E7DAE1 /*  BadgeBackground.swift in Sources */ = {isa = PBXBuildFile; fileRef = 152ADAD626D667AB00E7DAE1 /*  BadgeBackground.swift */; };
		152ADADA26D6909400E7DAE1 /* BadgeSymbol.swift in Sources */ = {isa = PBXBuildFile; fileRef = 152ADAD926D6909400E7DAE1 /* BadgeSymbol.swift */; };
		152ADADC26D692FB00E7DAE1 /* RotateBadgeSymbol.swift in Sources */ = {isa = PBXBuildFile; fileRef = 152ADADB26D692FB00E7DAE1 /* RotateBadgeSymbol.swift */; };
		152ADADE26D6938A00E7DAE1 /* Badge.swift in Sources */ = {isa = PBXBuildFile; fileRef = 152ADADD26D6938A00E7DAE1 /* Badge.swift */; };
		15562A1C26CE537A00F232BF /* LandmarksApp.swift in Sources */ = {isa = PBXBuildFile; fileRef = 15562A1B26CE537A00F232BF /* LandmarksApp.swift */; };
		15562A1E26CE537A00F232BF /* ContentView.swift in Sources */ = {isa = PBXBuildFile; fileRef = 15562A1D26CE537A00F232BF /* ContentView.swift */; };
		15562A2026CE537E00F232BF /* Assets.xcassets in Resources */ = {isa = PBXBuildFile; fileRef = 15562A1F26CE537E00F232BF /* Assets.xcassets */; };
		15562A2326CE537E00F232BF /* Preview Assets.xcassets in Resources */ = {isa = PBXBuildFile; fileRef = 15562A2226CE537E00F232BF /* Preview Assets.xcassets */; };
		15562A4926CE5DCC00F232BF /* CircleImage.swift in Sources */ = {isa = PBXBuildFile; fileRef = 15562A4826CE5DCC00F232BF /* CircleImage.swift */; };
		15562A4B26CE5FFE00F232BF /* MapView.swift in Sources */ = {isa = PBXBuildFile; fileRef = 15562A4A26CE5FFE00F232BF /* MapView.swift */; };
		15562A4D26CE684A00F232BF /* landmarkData.json in Resources */ = {isa = PBXBuildFile; fileRef = 15562A4C26CE684A00F232BF /* landmarkData.json */; };
		15562A4F26CE688600F232BF /* Landmark.swift in Sources */ = {isa = PBXBuildFile; fileRef = 15562A4E26CE688600F232BF /* Landmark.swift */; };
		15562A5126CE6D1400F232BF /* ModelData.swift in Sources */ = {isa = PBXBuildFile; fileRef = 15562A5026CE6D1400F232BF /* ModelData.swift */; };
		15562A5726CE6F0E00F232BF /* LandmarkRow.swift in Sources */ = {isa = PBXBuildFile; fileRef = 15562A5626CE6F0E00F232BF /* LandmarkRow.swift */; };
		15562A5926CE9A4100F232BF /* LandmarkList.swift in Sources */ = {isa = PBXBuildFile; fileRef = 15562A5826CE9A4100F232BF /* LandmarkList.swift */; };
		15562A5B26CEA53F00F232BF /* LandmarkDetail.swift in Sources */ = {isa = PBXBuildFile; fileRef = 15562A5A26CEA53F00F232BF /* LandmarkDetail.swift */; };
/* End PBXBuildFile section */

/* Begin PBXContainerItemProxy section */
		15562A2A26CE537F00F232BF /* PBXContainerItemProxy */ = {
			isa = PBXContainerItemProxy;
			containerPortal = 15562A1026CE537A00F232BF /* Project object */;
			proxyType = 1;
			remoteGlobalIDString = 15562A1726CE537A00F232BF;
			remoteInfo = Landmarks;
		};
		15562A3526CE537F00F232BF /* PBXContainerItemProxy */ = {
			isa = PBXContainerItemProxy;
			containerPortal = 15562A1026CE537A00F232BF /* Project object */;
			proxyType = 1;
			remoteGlobalIDString = 15562A1726CE537A00F232BF;
			remoteInfo = Landmarks;
		};
/* End PBXContainerItemProxy section */

/* Begin PBXFileReference section */
		1516457E26D5459F00CDBDCA /* FavoriteButton.swift */ = {isa = PBXFileReference; lastKnownFileType = sourcecode.swift; name = FavoriteButton.swift; path = Landmarks/Views/Helpers/FavoriteButton.swift; sourceTree = SOURCE_ROOT; };
		152ADAD426D664EA00E7DAE1 /* HexagonParameters.swift */ = {isa = PBXFileReference; lastKnownFileType = sourcecode.swift; path = HexagonParameters.swift; sourceTree = "<group>"; };
		152ADAD626D667AB00E7DAE1 /*  BadgeBackground.swift */ = {isa = PBXFileReference; lastKnownFileType = sourcecode.swift; path = " BadgeBackground.swift"; sourceTree = "<group>"; };
		152ADAD926D6909400E7DAE1 /* BadgeSymbol.swift */ = {isa = PBXFileReference; lastKnownFileType = sourcecode.swift; path = BadgeSymbol.swift; sourceTree = "<group>"; };
		152ADADB26D692FB00E7DAE1 /* RotateBadgeSymbol.swift */ = {isa = PBXFileReference; lastKnownFileType = sourcecode.swift; path = RotateBadgeSymbol.swift; sourceTree = "<group>"; };
		152ADADD26D6938A00E7DAE1 /* Badge.swift */ = {isa = PBXFileReference; lastKnownFileType = sourcecode.swift; path = Badge.swift; sourceTree = "<group>"; };
		15562A1826CE537A00F232BF /* Landmarks.app */ = {isa = PBXFileReference; explicitFileType = wrapper.application; includeInIndex = 0; path = Landmarks.app; sourceTree = BUILT_PRODUCTS_DIR; };
		15562A1B26CE537A00F232BF /* LandmarksApp.swift */ = {isa = PBXFileReference; lastKnownFileType = sourcecode.swift; path = LandmarksApp.swift; sourceTree = "<group>"; };
		15562A1D26CE537A00F232BF /* ContentView.swift */ = {isa = PBXFileReference; lastKnownFileType = sourcecode.swift; path = ContentView.swift; sourceTree = "<group>"; };
		15562A1F26CE537E00F232BF /* Assets.xcassets */ = {isa = PBXFileReference; lastKnownFileType = folder.assetcatalog; path = Assets.xcassets; sourceTree = "<group>"; };
		15562A2226CE537E00F232BF /* Preview Assets.xcassets */ = {isa = PBXFileReference; lastKnownFileType = folder.assetcatalog; path = "Preview Assets.xcassets"; sourceTree = "<group>"; };
		15562A2426CE537E00F232BF /* Info.plist */ = {isa = PBXFileReference; lastKnownFileType = text.plist.xml; path = Info.plist; sourceTree = "<group>"; };
		15562A2926CE537F00F232BF /* LandmarksTests.xctest */ = {isa = PBXFileReference; explicitFileType = wrapper.cfbundle; includeInIndex = 0; path = LandmarksTests.xctest; sourceTree = BUILT_PRODUCTS_DIR; };
		15562A3426CE537F00F232BF /* LandmarksUITests.xctest */ = {isa = PBXFileReference; explicitFileType = wrapper.cfbundle; includeInIndex = 0; path = LandmarksUITests.xctest; sourceTree = BUILT_PRODUCTS_DIR; };
		15562A4826CE5DCC00F232BF /* CircleImage.swift */ = {isa = PBXFileReference; lastKnownFileType = sourcecode.swift; path = CircleImage.swift; sourceTree = "<group>"; };
		15562A4A26CE5FFE00F232BF /* MapView.swift */ = {isa = PBXFileReference; lastKnownFileType = sourcecode.swift; path = MapView.swift; sourceTree = "<group>"; };
		15562A4C26CE684A00F232BF /* landmarkData.json */ = {isa = PBXFileReference; fileEncoding = 4; lastKnownFileType = text.json; path = landmarkData.json; sourceTree = "<group>"; };
		15562A4E26CE688600F232BF /* Landmark.swift */ = {isa = PBXFileReference; lastKnownFileType = sourcecode.swift; path = Landmark.swift; sourceTree = "<group>"; };
		15562A5026CE6D1400F232BF /* ModelData.swift */ = {isa = PBXFileReference; lastKnownFileType = sourcecode.swift; path = ModelData.swift; sourceTree = "<group>"; };
		15562A5626CE6F0E00F232BF /* LandmarkRow.swift */ = {isa = PBXFileReference; lastKnownFileType = sourcecode.swift; path = LandmarkRow.swift; sourceTree = "<group>"; };
		15562A5826CE9A4100F232BF /* LandmarkList.swift */ = {isa = PBXFileReference; lastKnownFileType = sourcecode.swift; path = LandmarkList.swift; sourceTree = "<group>"; };
		15562A5A26CEA53F00F232BF /* LandmarkDetail.swift */ = {isa = PBXFileReference; lastKnownFileType = sourcecode.swift; path = LandmarkDetail.swift; sourceTree = "<group>"; };
/* End PBXFileReference section */

/* Begin PBXFrameworksBuildPhase section */
		15562A1526CE537A00F232BF /* Frameworks */ = {
			isa = PBXFrameworksBuildPhase;
			buildActionMask = 2147483647;
			files = (
			);
			runOnlyForDeploymentPostprocessing = 0;
		};
		15562A2626CE537F00F232BF /* Frameworks */ = {
			isa = PBXFrameworksBuildPhase;
			buildActionMask = 2147483647;
			files = (
			);
			runOnlyForDeploymentPostprocessing = 0;
		};
		15562A3126CE537F00F232BF /* Frameworks */ = {
			isa = PBXFrameworksBuildPhase;
			buildActionMask = 2147483647;
			files = (
			);
			runOnlyForDeploymentPostprocessing = 0;
		};
/* End PBXFrameworksBuildPhase section */

/* Begin PBXGroup section */
		1516458026D545E500CDBDCA /* Landmarks */ = {
			isa = PBXGroup;
			children = (
				15562A5626CE6F0E00F232BF /* LandmarkRow.swift */,
				15562A5A26CEA53F00F232BF /* LandmarkDetail.swift */,
				15562A5826CE9A4100F232BF /* LandmarkList.swift */,
			);
			path = Landmarks;
			sourceTree = "<group>";
		};
		1516458126D545EE00CDBDCA /* Helpers */ = {
			isa = PBXGroup;
			children = (
				1516457E26D5459F00CDBDCA /* FavoriteButton.swift */,
				15562A4A26CE5FFE00F232BF /* MapView.swift */,
				15562A4826CE5DCC00F232BF /* CircleImage.swift */,
			);
			path = Helpers;
			sourceTree = "<group>";
		};
		152ADADF26D6955300E7DAE1 /* Badges */ = {
			isa = PBXGroup;
			children = (
				152ADADD26D6938A00E7DAE1 /* Badge.swift */,
				152ADADB26D692FB00E7DAE1 /* RotateBadgeSymbol.swift */,
				152ADAD626D667AB00E7DAE1 /*  BadgeBackground.swift */,
				152ADAD926D6909400E7DAE1 /* BadgeSymbol.swift */,
				152ADAD426D664EA00E7DAE1 /* HexagonParameters.swift */,
			);
			path = Badges;
			sourceTree = "<group>";
		};
		15562A0F26CE537A00F232BF = {
			isa = PBXGroup;
			children = (
				15562A1A26CE537A00F232BF /* Landmarks */,
				15562A1926CE537A00F232BF /* Products */,
			);
			sourceTree = "<group>";
		};
		15562A1926CE537A00F232BF /* Products */ = {
			isa = PBXGroup;
			children = (
				15562A1826CE537A00F232BF /* Landmarks.app */,
				15562A2926CE537F00F232BF /* LandmarksTests.xctest */,
				15562A3426CE537F00F232BF /* LandmarksUITests.xctest */,
			);
			name = Products;
			sourceTree = "<group>";
		};
		15562A1A26CE537A00F232BF /* Landmarks */ = {
			isa = PBXGroup;
			children = (
				15562A1B26CE537A00F232BF /* LandmarksApp.swift */,
				15562A5226CE6DC800F232BF /* Views */,
				15562A5426CE6DEE00F232BF /* Model */,
				15562A5526CE6DF800F232BF /* Resources */,
				15562A1F26CE537E00F232BF /* Assets.xcassets */,
				15562A2426CE537E00F232BF /* Info.plist */,
				15562A2126CE537E00F232BF /* Preview Content */,
			);
			path = Landmarks;
			sourceTree = "<group>";
		};
		15562A2126CE537E00F232BF /* Preview Content */ = {
			isa = PBXGroup;
			children = (
				15562A2226CE537E00F232BF /* Preview Assets.xcassets */,
			);
			path = "Preview Content";
			sourceTree = "<group>";
		};
		15562A5226CE6DC800F232BF /* Views */ = {
			isa = PBXGroup;
			children = (
				152ADADF26D6955300E7DAE1 /* Badges */,
				15562A1D26CE537A00F232BF /* ContentView.swift */,
				1516458026D545E500CDBDCA /* Landmarks */,
				1516458126D545EE00CDBDCA /* Helpers */,
			);
			path = Views;
			sourceTree = "<group>";
		};
		15562A5426CE6DEE00F232BF /* Model */ = {
			isa = PBXGroup;
			children = (
				15562A4E26CE688600F232BF /* Landmark.swift */,
				15562A5026CE6D1400F232BF /* ModelData.swift */,
			);
			path = Model;
			sourceTree = "<group>";
		};
		15562A5526CE6DF800F232BF /* Resources */ = {
			isa = PBXGroup;
			children = (
				15562A4C26CE684A00F232BF /* landmarkData.json */,
			);
			path = Resources;
			sourceTree = "<group>";
		};
/* End PBXGroup section */

/* Begin PBXNativeTarget section */
		15562A1726CE537A00F232BF /* Landmarks */ = {
			isa = PBXNativeTarget;
			buildConfigurationList = 15562A3D26CE537F00F232BF /* Build configuration list for PBXNativeTarget "Landmarks" */;
			buildPhases = (
				15562A1426CE537A00F232BF /* Sources */,
				15562A1526CE537A00F232BF /* Frameworks */,
				15562A1626CE537A00F232BF /* Resources */,
			);
			buildRules = (
			);
			dependencies = (
			);
			name = Landmarks;
			productName = Landmarks;
			productReference = 15562A1826CE537A00F232BF /* Landmarks.app */;
			productType = "com.apple.product-type.application";
		};
		15562A2826CE537F00F232BF /* LandmarksTests */ = {
			isa = PBXNativeTarget;
			buildConfigurationList = 15562A4026CE537F00F232BF /* Build configuration list for PBXNativeTarget "LandmarksTests" */;
			buildPhases = (
				15562A2526CE537F00F232BF /* Sources */,
				15562A2626CE537F00F232BF /* Frameworks */,
				15562A2726CE537F00F232BF /* Resources */,
			);
			buildRules = (
			);
			dependencies = (
				15562A2B26CE537F00F232BF /* PBXTargetDependency */,
			);
			name = LandmarksTests;
			productName = LandmarksTests;
			productReference = 15562A2926CE537F00F232BF /* LandmarksTests.xctest */;
			productType = "com.apple.product-type.bundle.unit-test";
		};
		15562A3326CE537F00F232BF /* LandmarksUITests */ = {
			isa = PBXNativeTarget;
			buildConfigurationList = 15562A4326CE537F00F232BF /* Build configuration list for PBXNativeTarget "LandmarksUITests" */;
			buildPhases = (
				15562A3026CE537F00F232BF /* Sources */,
				15562A3126CE537F00F232BF /* Frameworks */,
				15562A3226CE537F00F232BF /* Resources */,
			);
			buildRules = (
			);
			dependencies = (
				15562A3626CE537F00F232BF /* PBXTargetDependency */,
			);
			name = LandmarksUITests;
			productName = LandmarksUITests;
			productReference = 15562A3426CE537F00F232BF /* LandmarksUITests.xctest */;
			productType = "com.apple.product-type.bundle.ui-testing";
		};
/* End PBXNativeTarget section */

/* Begin PBXProject section */
		15562A1026CE537A00F232BF /* Project object */ = {
			isa = PBXProject;
			attributes = {
				LastSwiftUpdateCheck = 1250;
				LastUpgradeCheck = 1250;
				TargetAttributes = {
					15562A1726CE537A00F232BF = {
						CreatedOnToolsVersion = 12.5.1;
					};
					15562A2826CE537F00F232BF = {
						CreatedOnToolsVersion = 12.5.1;
						TestTargetID = 15562A1726CE537A00F232BF;
					};
					15562A3326CE537F00F232BF = {
						CreatedOnToolsVersion = 12.5.1;
						TestTargetID = 15562A1726CE537A00F232BF;
					};
				};
			};
			buildConfigurationList = 15562A1326CE537A00F232BF /* Build configuration list for PBXProject "Landmarks" */;
			compatibilityVersion = "Xcode 9.3";
			developmentRegion = en;
			hasScannedForEncodings = 0;
			knownRegions = (
				en,
				Base,
			);
			mainGroup = 15562A0F26CE537A00F232BF;
			productRefGroup = 15562A1926CE537A00F232BF /* Products */;
			projectDirPath = "";
			projectRoot = "";
			targets = (
				15562A1726CE537A00F232BF /* Landmarks */,
				15562A2826CE537F00F232BF /* LandmarksTests */,
				15562A3326CE537F00F232BF /* LandmarksUITests */,
			);
		};
/* End PBXProject section */

/* Begin PBXResourcesBuildPhase section */
		15562A1626CE537A00F232BF /* Resources */ = {
			isa = PBXResourcesBuildPhase;
			buildActionMask = 2147483647;
			files = (
				15562A4D26CE684A00F232BF /* landmarkData.json in Resources */,
				15562A2326CE537E00F232BF /* Preview Assets.xcassets in Resources */,
				15562A2026CE537E00F232BF /* Assets.xcassets in Resources */,
			);
			runOnlyForDeploymentPostprocessing = 0;
		};
		15562A2726CE537F00F232BF /* Resources */ = {
			isa = PBXResourcesBuildPhase;
			buildActionMask = 2147483647;
			files = (
			);
			runOnlyForDeploymentPostprocessing = 0;
		};
		15562A3226CE537F00F232BF /* Resources */ = {
			isa = PBXResourcesBuildPhase;
			buildActionMask = 2147483647;
			files = (
			);
			runOnlyForDeploymentPostprocessing = 0;
		};
/* End PBXResourcesBuildPhase section */

/* Begin PBXSourcesBuildPhase section */
		15562A1426CE537A00F232BF /* Sources */ = {
			isa = PBXSourcesBuildPhase;
			buildActionMask = 2147483647;
			files = (
				15562A1E26CE537A00F232BF /* ContentView.swift in Sources */,
				152ADADE26D6938A00E7DAE1 /* Badge.swift in Sources */,
				15562A4B26CE5FFE00F232BF /* MapView.swift in Sources */,
				152ADADC26D692FB00E7DAE1 /* RotateBadgeSymbol.swift in Sources */,
				15562A1C26CE537A00F232BF /* LandmarksApp.swift in Sources */,
				1516457F26D5459F00CDBDCA /* FavoriteButton.swift in Sources */,
				152ADAD526D664EA00E7DAE1 /* HexagonParameters.swift in Sources */,
				152ADADA26D6909400E7DAE1 /* BadgeSymbol.swift in Sources */,
				15562A5926CE9A4100F232BF /* LandmarkList.swift in Sources */,
				15562A5B26CEA53F00F232BF /* LandmarkDetail.swift in Sources */,
				15562A4926CE5DCC00F232BF /* CircleImage.swift in Sources */,
				152ADAD726D667AB00E7DAE1 /*  BadgeBackground.swift in Sources */,
				15562A4F26CE688600F232BF /* Landmark.swift in Sources */,
				15562A5726CE6F0E00F232BF /* LandmarkRow.swift in Sources */,
				15562A5126CE6D1400F232BF /* ModelData.swift in Sources */,
			);
			runOnlyForDeploymentPostprocessing = 0;
		};
		15562A2526CE537F00F232BF /* Sources */ = {
			isa = PBXSourcesBuildPhase;
			buildActionMask = 2147483647;
			files = (
			);
			runOnlyForDeploymentPostprocessing = 0;
		};
		15562A3026CE537F00F232BF /* Sources */ = {
			isa = PBXSourcesBuildPhase;
			buildActionMask = 2147483647;
			files = (
			);
			runOnlyForDeploymentPostprocessing = 0;
		};
/* End PBXSourcesBuildPhase section */

/* Begin PBXTargetDependency section */
		15562A2B26CE537F00F232BF /* PBXTargetDependency */ = {
			isa = PBXTargetDependency;
			target = 15562A1726CE537A00F232BF /* Landmarks */;
			targetProxy = 15562A2A26CE537F00F232BF /* PBXContainerItemProxy */;
		};
		15562A3626CE537F00F232BF /* PBXTargetDependency */ = {
			isa = PBXTargetDependency;
			target = 15562A1726CE537A00F232BF /* Landmarks */;
			targetProxy = 15562A3526CE537F00F232BF /* PBXContainerItemProxy */;
		};
/* End PBXTargetDependency section */

/* Begin XCBuildConfiguration section */
		15562A3B26CE537F00F232BF /* Debug */ = {
			isa = XCBuildConfiguration;
			buildSettings = {
				ALWAYS_SEARCH_USER_PATHS = NO;
				CLANG_ANALYZER_NONNULL = YES;
				CLANG_ANALYZER_NUMBER_OBJECT_CONVERSION = YES_AGGRESSIVE;
				CLANG_CXX_LANGUAGE_STANDARD = "gnu++14";
				CLANG_CXX_LIBRARY = "libc++";
				CLANG_ENABLE_MODULES = YES;
				CLANG_ENABLE_OBJC_ARC = YES;
				CLANG_ENABLE_OBJC_WEAK = YES;
				CLANG_WARN_BLOCK_CAPTURE_AUTORELEASING = YES;
				CLANG_WARN_BOOL_CONVERSION = YES;
				CLANG_WARN_COMMA = YES;
				CLANG_WARN_CONSTANT_CONVERSION = YES;
				CLANG_WARN_DEPRECATED_OBJC_IMPLEMENTATIONS = YES;
				CLANG_WARN_DIRECT_OBJC_ISA_USAGE = YES_ERROR;
				CLANG_WARN_DOCUMENTATION_COMMENTS = YES;
				CLANG_WARN_EMPTY_BODY = YES;
				CLANG_WARN_ENUM_CONVERSION = YES;
				CLANG_WARN_INFINITE_RECURSION = YES;
				CLANG_WARN_INT_CONVERSION = YES;
				CLANG_WARN_NON_LITERAL_NULL_CONVERSION = YES;
				CLANG_WARN_OBJC_IMPLICIT_RETAIN_SELF = YES;
				CLANG_WARN_OBJC_LITERAL_CONVERSION = YES;
				CLANG_WARN_OBJC_ROOT_CLASS = YES_ERROR;
				CLANG_WARN_QUOTED_INCLUDE_IN_FRAMEWORK_HEADER = YES;
				CLANG_WARN_RANGE_LOOP_ANALYSIS = YES;
				CLANG_WARN_STRICT_PROTOTYPES = YES;
				CLANG_WARN_SUSPICIOUS_MOVE = YES;
				CLANG_WARN_UNGUARDED_AVAILABILITY = YES_AGGRESSIVE;
				CLANG_WARN_UNREACHABLE_CODE = YES;
				CLANG_WARN__DUPLICATE_METHOD_MATCH = YES;
				COPY_PHASE_STRIP = NO;
				DEBUG_INFORMATION_FORMAT = dwarf;
				ENABLE_STRICT_OBJC_MSGSEND = YES;
				ENABLE_TESTABILITY = YES;
				GCC_C_LANGUAGE_STANDARD = gnu11;
				GCC_DYNAMIC_NO_PIC = NO;
				GCC_NO_COMMON_BLOCKS = YES;
				GCC_OPTIMIZATION_LEVEL = 0;
				GCC_PREPROCESSOR_DEFINITIONS = (
					"DEBUG=1",
					"$(inherited)",
				);
				GCC_WARN_64_TO_32_BIT_CONVERSION = YES;
				GCC_WARN_ABOUT_RETURN_TYPE = YES_ERROR;
				GCC_WARN_UNDECLARED_SELECTOR = YES;
				GCC_WARN_UNINITIALIZED_AUTOS = YES_AGGRESSIVE;
				GCC_WARN_UNUSED_FUNCTION = YES;
				GCC_WARN_UNUSED_VARIABLE = YES;
				IPHONEOS_DEPLOYMENT_TARGET = 14.5;
				MTL_ENABLE_DEBUG_INFO = INCLUDE_SOURCE;
				MTL_FAST_MATH = YES;
				ONLY_ACTIVE_ARCH = YES;
				SDKROOT = iphoneos;
				SWIFT_ACTIVE_COMPILATION_CONDITIONS = DEBUG;
				SWIFT_OPTIMIZATION_LEVEL = "-Onone";
			};
			name = Debug;
		};
		15562A3C26CE537F00F232BF /* Release */ = {
			isa = XCBuildConfiguration;
			buildSettings = {
				ALWAYS_SEARCH_USER_PATHS = NO;
				CLANG_ANALYZER_NONNULL = YES;
				CLANG_ANALYZER_NUMBER_OBJECT_CONVERSION = YES_AGGRESSIVE;
				CLANG_CXX_LANGUAGE_STANDARD = "gnu++14";
				CLANG_CXX_LIBRARY = "libc++";
				CLANG_ENABLE_MODULES = YES;
				CLANG_ENABLE_OBJC_ARC = YES;
				CLANG_ENABLE_OBJC_WEAK = YES;
				CLANG_WARN_BLOCK_CAPTURE_AUTORELEASING = YES;
				CLANG_WARN_BOOL_CONVERSION = YES;
				CLANG_WARN_COMMA = YES;
				CLANG_WARN_CONSTANT_CONVERSION = YES;
				CLANG_WARN_DEPRECATED_OBJC_IMPLEMENTATIONS = YES;
				CLANG_WARN_DIRECT_OBJC_ISA_USAGE = YES_ERROR;
				CLANG_WARN_DOCUMENTATION_COMMENTS = YES;
				CLANG_WARN_EMPTY_BODY = YES;
				CLANG_WARN_ENUM_CONVERSION = YES;
				CLANG_WARN_INFINITE_RECURSION = YES;
				CLANG_WARN_INT_CONVERSION = YES;
				CLANG_WARN_NON_LITERAL_NULL_CONVERSION = YES;
				CLANG_WARN_OBJC_IMPLICIT_RETAIN_SELF = YES;
				CLANG_WARN_OBJC_LITERAL_CONVERSION = YES;
				CLANG_WARN_OBJC_ROOT_CLASS = YES_ERROR;
				CLANG_WARN_QUOTED_INCLUDE_IN_FRAMEWORK_HEADER = YES;
				CLANG_WARN_RANGE_LOOP_ANALYSIS = YES;
				CLANG_WARN_STRICT_PROTOTYPES = YES;
				CLANG_WARN_SUSPICIOUS_MOVE = YES;
				CLANG_WARN_UNGUARDED_AVAILABILITY = YES_AGGRESSIVE;
				CLANG_WARN_UNREACHABLE_CODE = YES;
				CLANG_WARN__DUPLICATE_METHOD_MATCH = YES;
				COPY_PHASE_STRIP = NO;
				DEBUG_INFORMATION_FORMAT = "dwarf-with-dsym";
				ENABLE_NS_ASSERTIONS = NO;
				ENABLE_STRICT_OBJC_MSGSEND = YES;
				GCC_C_LANGUAGE_STANDARD = gnu11;
				GCC_NO_COMMON_BLOCKS = YES;
				GCC_WARN_64_TO_32_BIT_CONVERSION = YES;
				GCC_WARN_ABOUT_RETURN_TYPE = YES_ERROR;
				GCC_WARN_UNDECLARED_SELECTOR = YES;
				GCC_WARN_UNINITIALIZED_AUTOS = YES_AGGRESSIVE;
				GCC_WARN_UNUSED_FUNCTION = YES;
				GCC_WARN_UNUSED_VARIABLE = YES;
				IPHONEOS_DEPLOYMENT_TARGET = 14.5;
				MTL_ENABLE_DEBUG_INFO = NO;
				MTL_FAST_MATH = YES;
				SDKROOT = iphoneos;
				SWIFT_COMPILATION_MODE = wholemodule;
				SWIFT_OPTIMIZATION_LEVEL = "-O";
				VALIDATE_PRODUCT = YES;
			};
			name = Release;
		};
		15562A3E26CE537F00F232BF /* Debug */ = {
			isa = XCBuildConfiguration;
			buildSettings = {
				ASSETCATALOG_COMPILER_APPICON_NAME = AppIcon;
				ASSETCATALOG_COMPILER_GLOBAL_ACCENT_COLOR_NAME = AccentColor;
				CODE_SIGN_STYLE = Automatic;
				DEVELOPMENT_ASSET_PATHS = "\"Landmarks/Preview Content\"";
				ENABLE_PREVIEWS = YES;
				INFOPLIST_FILE = Landmarks/Info.plist;
				IPHONEOS_DEPLOYMENT_TARGET = 14.0;
				LD_RUNPATH_SEARCH_PATHS = (
					"$(inherited)",
					"@executable_path/Frameworks",
				);
				PRODUCT_BUNDLE_IDENTIFIER = Ech.elise.Landmarks;
				PRODUCT_NAME = "$(TARGET_NAME)";
				SWIFT_VERSION = 5.0;
				TARGETED_DEVICE_FAMILY = "1,2";
			};
			name = Debug;
		};
		15562A3F26CE537F00F232BF /* Release */ = {
			isa = XCBuildConfiguration;
			buildSettings = {
				ASSETCATALOG_COMPILER_APPICON_NAME = AppIcon;
				ASSETCATALOG_COMPILER_GLOBAL_ACCENT_COLOR_NAME = AccentColor;
				CODE_SIGN_STYLE = Automatic;
				DEVELOPMENT_ASSET_PATHS = "\"Landmarks/Preview Content\"";
				ENABLE_PREVIEWS = YES;
				INFOPLIST_FILE = Landmarks/Info.plist;
				IPHONEOS_DEPLOYMENT_TARGET = 14.0;
				LD_RUNPATH_SEARCH_PATHS = (
					"$(inherited)",
					"@executable_path/Frameworks",
				);
				PRODUCT_BUNDLE_IDENTIFIER = Ech.elise.Landmarks;
				PRODUCT_NAME = "$(TARGET_NAME)";
				SWIFT_VERSION = 5.0;
				TARGETED_DEVICE_FAMILY = "1,2";
			};
			name = Release;
		};
		15562A4126CE537F00F232BF /* Debug */ = {
			isa = XCBuildConfiguration;
			buildSettings = {
				ALWAYS_EMBED_SWIFT_STANDARD_LIBRARIES = YES;
				BUNDLE_LOADER = "$(TEST_HOST)";
				CODE_SIGN_STYLE = Automatic;
				INFOPLIST_FILE = LandmarksTests/Info.plist;
				IPHONEOS_DEPLOYMENT_TARGET = 14.0;
				LD_RUNPATH_SEARCH_PATHS = (
					"$(inherited)",
					"@executable_path/Frameworks",
					"@loader_path/Frameworks",
				);
				PRODUCT_BUNDLE_IDENTIFIER = Ech.elise.LandmarksTests;
				PRODUCT_NAME = "$(TARGET_NAME)";
				SWIFT_VERSION = 5.0;
				TARGETED_DEVICE_FAMILY = "1,2";
				TEST_HOST = "$(BUILT_PRODUCTS_DIR)/Landmarks.app/Landmarks";
			};
			name = Debug;
		};
		15562A4226CE537F00F232BF /* Release */ = {
			isa = XCBuildConfiguration;
			buildSettings = {
				ALWAYS_EMBED_SWIFT_STANDARD_LIBRARIES = YES;
				BUNDLE_LOADER = "$(TEST_HOST)";
				CODE_SIGN_STYLE = Automatic;
				INFOPLIST_FILE = LandmarksTests/Info.plist;
				IPHONEOS_DEPLOYMENT_TARGET = 14.0;
				LD_RUNPATH_SEARCH_PATHS = (
					"$(inherited)",
					"@executable_path/Frameworks",
					"@loader_path/Frameworks",
				);
				PRODUCT_BUNDLE_IDENTIFIER = Ech.elise.LandmarksTests;
				PRODUCT_NAME = "$(TARGET_NAME)";
				SWIFT_VERSION = 5.0;
				TARGETED_DEVICE_FAMILY = "1,2";
				TEST_HOST = "$(BUILT_PRODUCTS_DIR)/Landmarks.app/Landmarks";
			};
			name = Release;
		};
		15562A4426CE537F00F232BF /* Debug */ = {
			isa = XCBuildConfiguration;
			buildSettings = {
				ALWAYS_EMBED_SWIFT_STANDARD_LIBRARIES = YES;
				CODE_SIGN_STYLE = Automatic;
				INFOPLIST_FILE = LandmarksUITests/Info.plist;
				LD_RUNPATH_SEARCH_PATHS = (
					"$(inherited)",
					"@executable_path/Frameworks",
					"@loader_path/Frameworks",
				);
				PRODUCT_BUNDLE_IDENTIFIER = Ech.elise.LandmarksUITests;
				PRODUCT_NAME = "$(TARGET_NAME)";
				SWIFT_VERSION = 5.0;
				TARGETED_DEVICE_FAMILY = "1,2";
				TEST_TARGET_NAME = Landmarks;
			};
			name = Debug;
		};
		15562A4526CE537F00F232BF /* Release */ = {
			isa = XCBuildConfiguration;
			buildSettings = {
				ALWAYS_EMBED_SWIFT_STANDARD_LIBRARIES = YES;
				CODE_SIGN_STYLE = Automatic;
				INFOPLIST_FILE = LandmarksUITests/Info.plist;
				LD_RUNPATH_SEARCH_PATHS = (
					"$(inherited)",
					"@executable_path/Frameworks",
					"@loader_path/Frameworks",
				);
				PRODUCT_BUNDLE_IDENTIFIER = Ech.elise.LandmarksUITests;
				PRODUCT_NAME = "$(TARGET_NAME)";
				SWIFT_VERSION = 5.0;
				TARGETED_DEVICE_FAMILY = "1,2";
				TEST_TARGET_NAME = Landmarks;
			};
			name = Release;
		};
/* End XCBuildConfiguration section */

/* Begin XCConfigurationList section */
		15562A1326CE537A00F232BF /* Build configuration list for PBXProject "Landmarks" */ = {
			isa = XCConfigurationList;
			buildConfigurations = (
				15562A3B26CE537F00F232BF /* Debug */,
				15562A3C26CE537F00F232BF /* Release */,
			);
			defaultConfigurationIsVisible = 0;
			defaultConfigurationName = Release;
		};
		15562A3D26CE537F00F232BF /* Build configuration list for PBXNativeTarget "Landmarks" */ = {
			isa = XCConfigurationList;
			buildConfigurations = (
				15562A3E26CE537F00F232BF /* Debug */,
				15562A3F26CE537F00F232BF /* Release */,
			);
			defaultConfigurationIsVisible = 0;
			defaultConfigurationName = Release;
		};
		15562A4026CE537F00F232BF /* Build configuration list for PBXNativeTarget "LandmarksTests" */ = {
			isa = XCConfigurationList;
			buildConfigurations = (
				15562A4126CE537F00F232BF /* Debug */,
				15562A4226CE537F00F232BF /* Release */,
			);
			defaultConfigurationIsVisible = 0;
			defaultConfigurationName = Release;
		};
		15562A4326CE537F00F232BF /* Build configuration list for PBXNativeTarget "LandmarksUITests" */ = {
			isa = XCConfigurationList;
			buildConfigurations = (
				15562A4426CE537F00F232BF /* Debug */,
				15562A4526CE537F00F232BF /* Release */,
			);
			defaultConfigurationIsVisible = 0;
			defaultConfigurationName = Release;
		};
/* End XCConfigurationList section */
	};
	rootObject = 15562A1026CE537A00F232BF /* Project object */;
}
